// !$*UTF8*$!
{
	archiveVersion = 1;
	classes = {
	};
	objectVersion = 50;
	objects = {

/* Begin PBXBuildFile section */
		C378A2A523209B1600869D92 /* AppDelegate.swift in Sources */ = {isa = PBXBuildFile; fileRef = C378A2A423209B1600869D92 /* AppDelegate.swift */; };
		C378A2A723209B1600869D92 /* ViewController.swift in Sources */ = {isa = PBXBuildFile; fileRef = C378A2A623209B1600869D92 /* ViewController.swift */; };
		C378A2AA23209B1600869D92 /* Main.storyboard in Resources */ = {isa = PBXBuildFile; fileRef = C378A2A823209B1600869D92 /* Main.storyboard */; };
		C378A2AC23209B1600869D92 /* Assets.xcassets in Resources */ = {isa = PBXBuildFile; fileRef = C378A2AB23209B1600869D92 /* Assets.xcassets */; };
		C378A2AF23209B1600869D92 /* LaunchScreen.storyboard in Resources */ = {isa = PBXBuildFile; fileRef = C378A2AD23209B1600869D92 /* LaunchScreen.storyboard */; };
		C378A2BA23209B1600869D92 /* tipCalcTests.swift in Sources */ = {isa = PBXBuildFile; fileRef = C378A2B923209B1600869D92 /* tipCalcTests.swift */; };
		C378A2C523209B1600869D92 /* tipCalcUITests.swift in Sources */ = {isa = PBXBuildFile; fileRef = C378A2C423209B1600869D92 /* tipCalcUITests.swift */; };
/* End PBXBuildFile section */

/* Begin PBXContainerItemProxy section */
		C378A2B623209B1600869D92 /* PBXContainerItemProxy */ = {
			isa = PBXContainerItemProxy;
			containerPortal = C378A29923209B1600869D92 /* Project object */;
			proxyType = 1;
			remoteGlobalIDString = C378A2A023209B1600869D92;
			remoteInfo = tipCalc;
		};
		C378A2C123209B1600869D92 /* PBXContainerItemProxy */ = {
			isa = PBXContainerItemProxy;
			containerPortal = C378A29923209B1600869D92 /* Project object */;
			proxyType = 1;
			remoteGlobalIDString = C378A2A023209B1600869D92;
			remoteInfo = tipCalc;
		};
/* End PBXContainerItemProxy section */

/* Begin PBXFileReference section */
		C378A2A123209B1600869D92 /* tipCalc.app */ = {isa = PBXFileReference; explicitFileType = wrapper.application; includeInIndex = 0; path = tipCalc.app; sourceTree = BUILT_PRODUCTS_DIR; };
		C378A2A423209B1600869D92 /* AppDelegate.swift */ = {isa = PBXFileReference; lastKnownFileType = sourcecode.swift; path = AppDelegate.swift; sourceTree = "<group>"; };
		C378A2A623209B1600869D92 /* ViewController.swift */ = {isa = PBXFileReference; lastKnownFileType = sourcecode.swift; path = ViewController.swift; sourceTree = "<group>"; };
		C378A2A923209B1600869D92 /* Base */ = {isa = PBXFileReference; lastKnownFileType = file.storyboard; name = Base; path = Base.lproj/Main.storyboard; sourceTree = "<group>"; };
		C378A2AB23209B1600869D92 /* Assets.xcassets */ = {isa = PBXFileReference; lastKnownFileType = folder.assetcatalog; path = Assets.xcassets; sourceTree = "<group>"; };
		C378A2AE23209B1600869D92 /* Base */ = {isa = PBXFileReference; lastKnownFileType = file.storyboard; name = Base; path = Base.lproj/LaunchScreen.storyboard; sourceTree = "<group>"; };
		C378A2B023209B1600869D92 /* Info.plist */ = {isa = PBXFileReference; lastKnownFileType = text.plist.xml; path = Info.plist; sourceTree = "<group>"; };
		C378A2B523209B1600869D92 /* tipCalcTests.xctest */ = {isa = PBXFileReference; explicitFileType = wrapper.cfbundle; includeInIndex = 0; path = tipCalcTests.xctest; sourceTree = BUILT_PRODUCTS_DIR; };
		C378A2B923209B1600869D92 /* tipCalcTests.swift */ = {isa = PBXFileReference; lastKnownFileType = sourcecode.swift; path = tipCalcTests.swift; sourceTree = "<group>"; };
		C378A2BB23209B1600869D92 /* Info.plist */ = {isa = PBXFileReference; lastKnownFileType = text.plist.xml; path = Info.plist; sourceTree = "<group>"; };
		C378A2C023209B1600869D92 /* tipCalcUITests.xctest */ = {isa = PBXFileReference; explicitFileType = wrapper.cfbundle; includeInIndex = 0; path = tipCalcUITests.xctest; sourceTree = BUILT_PRODUCTS_DIR; };
		C378A2C423209B1600869D92 /* tipCalcUITests.swift */ = {isa = PBXFileReference; lastKnownFileType = sourcecode.swift; path = tipCalcUITests.swift; sourceTree = "<group>"; };
		C378A2C623209B1600869D92 /* Info.plist */ = {isa = PBXFileReference; lastKnownFileType = text.plist.xml; path = Info.plist; sourceTree = "<group>"; };
/* End PBXFileReference section */

/* Begin PBXFrameworksBuildPhase section */
		C378A29E23209B1600869D92 /* Frameworks */ = {
			isa = PBXFrameworksBuildPhase;
			buildActionMask = 2147483647;
			files = (
			);
			runOnlyForDeploymentPostprocessing = 0;
		};
		C378A2B223209B1600869D92 /* Frameworks */ = {
			isa = PBXFrameworksBuildPhase;
			buildActionMask = 2147483647;
			files = (
			);
			runOnlyForDeploymentPostprocessing = 0;
		};
		C378A2BD23209B1600869D92 /* Frameworks */ = {
			isa = PBXFrameworksBuildPhase;
			buildActionMask = 2147483647;
			files = (
			);
			runOnlyForDeploymentPostprocessing = 0;
		};
/* End PBXFrameworksBuildPhase section */

/* Begin PBXGroup section */
		C378A29823209B1600869D92 = {
			isa = PBXGroup;
			children = (
				C378A2A323209B1600869D92 /* tipCalc */,
				C378A2B823209B1600869D92 /* tipCalcTests */,
				C378A2C323209B1600869D92 /* tipCalcUITests */,
				C378A2A223209B1600869D92 /* Products */,
			);
			sourceTree = "<group>";
		};
		C378A2A223209B1600869D92 /* Products */ = {
			isa = PBXGroup;
			children = (
				C378A2A123209B1600869D92 /* tipCalc.app */,
				C378A2B523209B1600869D92 /* tipCalcTests.xctest */,
				C378A2C023209B1600869D92 /* tipCalcUITests.xctest */,
			);
			name = Products;
			sourceTree = "<group>";
		};
		C378A2A323209B1600869D92 /* tipCalc */ = {
			isa = PBXGroup;
			children = (
				C378A2A423209B1600869D92 /* AppDelegate.swift */,
				C378A2A623209B1600869D92 /* ViewController.swift */,
				C378A2A823209B1600869D92 /* Main.storyboard */,
				C378A2AB23209B1600869D92 /* Assets.xcassets */,
				C378A2AD23209B1600869D92 /* LaunchScreen.storyboard */,
				C378A2B023209B1600869D92 /* Info.plist */,
			);
			path = tipCalc;
			sourceTree = "<group>";
		};
		C378A2B823209B1600869D92 /* tipCalcTests */ = {
			isa = PBXGroup;
			children = (
				C378A2B923209B1600869D92 /* tipCalcTests.swift */,
				C378A2BB23209B1600869D92 /* Info.plist */,
			);
			path = tipCalcTests;
			sourceTree = "<group>";
		};
		C378A2C323209B1600869D92 /* tipCalcUITests */ = {
			isa = PBXGroup;
			children = (
				C378A2C423209B1600869D92 /* tipCalcUITests.swift */,
				C378A2C623209B1600869D92 /* Info.plist */,
			);
			path = tipCalcUITests;
			sourceTree = "<group>";
		};
/* End PBXGroup section */

/* Begin PBXNativeTarget section */
		C378A2A023209B1600869D92 /* tipCalc */ = {
			isa = PBXNativeTarget;
			buildConfigurationList = C378A2C923209B1600869D92 /* Build configuration list for PBXNativeTarget "tipCalc" */;
			buildPhases = (
				C378A29D23209B1600869D92 /* Sources */,
				C378A29E23209B1600869D92 /* Frameworks */,
				C378A29F23209B1600869D92 /* Resources */,
			);
			buildRules = (
			);
			dependencies = (
			);
			name = tipCalc;
			productName = tipCalc;
			productReference = C378A2A123209B1600869D92 /* tipCalc.app */;
			productType = "com.apple.product-type.application";
		};
		C378A2B423209B1600869D92 /* tipCalcTests */ = {
			isa = PBXNativeTarget;
			buildConfigurationList = C378A2CC23209B1600869D92 /* Build configuration list for PBXNativeTarget "tipCalcTests" */;
			buildPhases = (
				C378A2B123209B1600869D92 /* Sources */,
				C378A2B223209B1600869D92 /* Frameworks */,
				C378A2B323209B1600869D92 /* Resources */,
			);
			buildRules = (
			);
			dependencies = (
				C378A2B723209B1600869D92 /* PBXTargetDependency */,
			);
			name = tipCalcTests;
			productName = tipCalcTests;
			productReference = C378A2B523209B1600869D92 /* tipCalcTests.xctest */;
			productType = "com.apple.product-type.bundle.unit-test";
		};
		C378A2BF23209B1600869D92 /* tipCalcUITests */ = {
			isa = PBXNativeTarget;
			buildConfigurationList = C378A2CF23209B1600869D92 /* Build configuration list for PBXNativeTarget "tipCalcUITests" */;
			buildPhases = (
				C378A2BC23209B1600869D92 /* Sources */,
				C378A2BD23209B1600869D92 /* Frameworks */,
				C378A2BE23209B1600869D92 /* Resources */,
			);
			buildRules = (
			);
			dependencies = (
				C378A2C223209B1600869D92 /* PBXTargetDependency */,
			);
			name = tipCalcUITests;
			productName = tipCalcUITests;
			productReference = C378A2C023209B1600869D92 /* tipCalcUITests.xctest */;
			productType = "com.apple.product-type.bundle.ui-testing";
		};
/* End PBXNativeTarget section */

/* Begin PBXProject section */
		C378A29923209B1600869D92 /* Project object */ = {
			isa = PBXProject;
			attributes = {
				LastSwiftUpdateCheck = 1010;
				LastUpgradeCheck = 1010;
				ORGANIZATIONNAME = "Andres Gonzalez-Perez";
				TargetAttributes = {
					C378A2A023209B1600869D92 = {
						CreatedOnToolsVersion = 10.1;
					};
					C378A2B423209B1600869D92 = {
						CreatedOnToolsVersion = 10.1;
						TestTargetID = C378A2A023209B1600869D92;
					};
					C378A2BF23209B1600869D92 = {
						CreatedOnToolsVersion = 10.1;
						TestTargetID = C378A2A023209B1600869D92;
					};
				};
			};
			buildConfigurationList = C378A29C23209B1600869D92 /* Build configuration list for PBXProject "tipCalc" */;
			compatibilityVersion = "Xcode 9.3";
			developmentRegion = en;
			hasScannedForEncodings = 0;
			knownRegions = (
				en,
				Base,
			);
			mainGroup = C378A29823209B1600869D92;
			productRefGroup = C378A2A223209B1600869D92 /* Products */;
			projectDirPath = "";
			projectRoot = "";
			targets = (
				C378A2A023209B1600869D92 /* tipCalc */,
				C378A2B423209B1600869D92 /* tipCalcTests */,
				C378A2BF23209B1600869D92 /* tipCalcUITests */,
			);
		};
/* End PBXProject section */

/* Begin PBXResourcesBuildPhase section */
		C378A29F23209B1600869D92 /* Resources */ = {
			isa = PBXResourcesBuildPhase;
			buildActionMask = 2147483647;
			files = (
				C378A2AF23209B1600869D92 /* LaunchScreen.storyboard in Resources */,
				C378A2AC23209B1600869D92 /* Assets.xcassets in Resources */,
				C378A2AA23209B1600869D92 /* Main.storyboard in Resources */,
			);
			runOnlyForDeploymentPostprocessing = 0;
		};
		C378A2B323209B1600869D92 /* Resources */ = {
			isa = PBXResourcesBuildPhase;
			buildActionMask = 2147483647;
			files = (
			);
			runOnlyForDeploymentPostprocessing = 0;
		};
		C378A2BE23209B1600869D92 /* Resources */ = {
			isa = PBXResourcesBuildPhase;
			buildActionMask = 2147483647;
			files = (
			);
			runOnlyForDeploymentPostprocessing = 0;
		};
/* End PBXResourcesBuildPhase section */

/* Begin PBXSourcesBuildPhase section */
		C378A29D23209B1600869D92 /* Sources */ = {
			isa = PBXSourcesBuildPhase;
			buildActionMask = 2147483647;
			files = (
				C378A2A723209B1600869D92 /* ViewController.swift in Sources */,
				C378A2A523209B1600869D92 /* AppDelegate.swift in Sources */,
			);
			runOnlyForDeploymentPostprocessing = 0;
		};
		C378A2B123209B1600869D92 /* Sources */ = {
			isa = PBXSourcesBuildPhase;
			buildActionMask = 2147483647;
			files = (
				C378A2BA23209B1600869D92 /* tipCalcTests.swift in Sources */,
			);
			runOnlyForDeploymentPostprocessing = 0;
		};
		C378A2BC23209B1600869D92 /* Sources */ = {
			isa = PBXSourcesBuildPhase;
			buildActionMask = 2147483647;
			files = (
				C378A2C523209B1600869D92 /* tipCalcUITests.swift in Sources */,
			);
			runOnlyForDeploymentPostprocessing = 0;
		};
/* End PBXSourcesBuildPhase section */

/* Begin PBXTargetDependency section */
		C378A2B723209B1600869D92 /* PBXTargetDependency */ = {
			isa = PBXTargetDependency;
			target = C378A2A023209B1600869D92 /* tipCalc */;
			targetProxy = C378A2B623209B1600869D92 /* PBXContainerItemProxy */;
		};
		C378A2C223209B1600869D92 /* PBXTargetDependency */ = {
			isa = PBXTargetDependency;
			target = C378A2A023209B1600869D92 /* tipCalc */;
			targetProxy = C378A2C123209B1600869D92 /* PBXContainerItemProxy */;
		};
/* End PBXTargetDependency section */

/* Begin PBXVariantGroup section */
		C378A2A823209B1600869D92 /* Main.storyboard */ = {
			isa = PBXVariantGroup;
			children = (
				C378A2A923209B1600869D92 /* Base */,
			);
			name = Main.storyboard;
			sourceTree = "<group>";
		};
		C378A2AD23209B1600869D92 /* LaunchScreen.storyboard */ = {
			isa = PBXVariantGroup;
			children = (
				C378A2AE23209B1600869D92 /* Base */,
			);
			name = LaunchScreen.storyboard;
			sourceTree = "<group>";
		};
/* End PBXVariantGroup section */

/* Begin XCBuildConfiguration section */
		C378A2C723209B1600869D92 /* Debug */ = {
			isa = XCBuildConfiguration;
			buildSettings = {
				ALWAYS_SEARCH_USER_PATHS = NO;
				CLANG_ANALYZER_NONNULL = YES;
				CLANG_ANALYZER_NUMBER_OBJECT_CONVERSION = YES_AGGRESSIVE;
				CLANG_CXX_LANGUAGE_STANDARD = "gnu++14";
				CLANG_CXX_LIBRARY = "libc++";
				CLANG_ENABLE_MODULES = YES;
				CLANG_ENABLE_OBJC_ARC = YES;
				CLANG_ENABLE_OBJC_WEAK = YES;
				CLANG_WARN_BLOCK_CAPTURE_AUTORELEASING = YES;
				CLANG_WARN_BOOL_CONVERSION = YES;
				CLANG_WARN_COMMA = YES;
				CLANG_WARN_CONSTANT_CONVERSION = YES;
				CLANG_WARN_DEPRECATED_OBJC_IMPLEMENTATIONS = YES;
				CLANG_WARN_DIRECT_OBJC_ISA_USAGE = YES_ERROR;
				CLANG_WARN_DOCUMENTATION_COMMENTS = YES;
				CLANG_WARN_EMPTY_BODY = YES;
				CLANG_WARN_ENUM_CONVERSION = YES;
				CLANG_WARN_INFINITE_RECURSION = YES;
				CLANG_WARN_INT_CONVERSION = YES;
				CLANG_WARN_NON_LITERAL_NULL_CONVERSION = YES;
				CLANG_WARN_OBJC_IMPLICIT_RETAIN_SELF = YES;
				CLANG_WARN_OBJC_LITERAL_CONVERSION = YES;
				CLANG_WARN_OBJC_ROOT_CLASS = YES_ERROR;
				CLANG_WARN_RANGE_LOOP_ANALYSIS = YES;
				CLANG_WARN_STRICT_PROTOTYPES = YES;
				CLANG_WARN_SUSPICIOUS_MOVE = YES;
				CLANG_WARN_UNGUARDED_AVAILABILITY = YES_AGGRESSIVE;
				CLANG_WARN_UNREACHABLE_CODE = YES;
				CLANG_WARN__DUPLICATE_METHOD_MATCH = YES;
				CODE_SIGN_IDENTITY = "iPhone Developer";
				COPY_PHASE_STRIP = NO;
				DEBUG_INFORMATION_FORMAT = dwarf;
				ENABLE_STRICT_OBJC_MSGSEND = YES;
				ENABLE_TESTABILITY = YES;
				GCC_C_LANGUAGE_STANDARD = gnu11;
				GCC_DYNAMIC_NO_PIC = NO;
				GCC_NO_COMMON_BLOCKS = YES;
				GCC_OPTIMIZATION_LEVEL = 0;
				GCC_PREPROCESSOR_DEFINITIONS = (
					"DEBUG=1",
					"$(inherited)",
				);
				GCC_WARN_64_TO_32_BIT_CONVERSION = YES;
				GCC_WARN_ABOUT_RETURN_TYPE = YES_ERROR;
				GCC_WARN_UNDECLARED_SELECTOR = YES;
				GCC_WARN_UNINITIALIZED_AUTOS = YES_AGGRESSIVE;
				GCC_WARN_UNUSED_FUNCTION = YES;
				GCC_WARN_UNUSED_VARIABLE = YES;
				IPHONEOS_DEPLOYMENT_TARGET = 12.1;
				MTL_ENABLE_DEBUG_INFO = INCLUDE_SOURCE;
				MTL_FAST_MATH = YES;
				ONLY_ACTIVE_ARCH = YES;
				SDKROOT = iphoneos;
				SWIFT_ACTIVE_COMPILATION_CONDITIONS = DEBUG;
				SWIFT_OPTIMIZATION_LEVEL = "-Onone";
			};
			name = Debug;
		};
		C378A2C823209B1600869D92 /* Release */ = {
			isa = XCBuildConfiguration;
			buildSettings = {
				ALWAYS_SEARCH_USER_PATHS = NO;
				CLANG_ANALYZER_NONNULL = YES;
				CLANG_ANALYZER_NUMBER_OBJECT_CONVERSION = YES_AGGRESSIVE;
				CLANG_CXX_LANGUAGE_STANDARD = "gnu++14";
				CLANG_CXX_LIBRARY = "libc++";
				CLANG_ENABLE_MODULES = YES;
				CLANG_ENABLE_OBJC_ARC = YES;
				CLANG_ENABLE_OBJC_WEAK = YES;
				CLANG_WARN_BLOCK_CAPTURE_AUTORELEASING = YES;
				CLANG_WARN_BOOL_CONVERSION = YES;
				CLANG_WARN_COMMA = YES;
				CLANG_WARN_CONSTANT_CONVERSION = YES;
				CLANG_WARN_DEPRECATED_OBJC_IMPLEMENTATIONS = YES;
				CLANG_WARN_DIRECT_OBJC_ISA_USAGE = YES_ERROR;
				CLANG_WARN_DOCUMENTATION_COMMENTS = YES;
				CLANG_WARN_EMPTY_BODY = YES;
				CLANG_WARN_ENUM_CONVERSION = YES;
				CLANG_WARN_INFINITE_RECURSION = YES;
				CLANG_WARN_INT_CONVERSION = YES;
				CLANG_WARN_NON_LITERAL_NULL_CONVERSION = YES;
				CLANG_WARN_OBJC_IMPLICIT_RETAIN_SELF = YES;
				CLANG_WARN_OBJC_LITERAL_CONVERSION = YES;
				CLANG_WARN_OBJC_ROOT_CLASS = YES_ERROR;
				CLANG_WARN_RANGE_LOOP_ANALYSIS = YES;
				CLANG_WARN_STRICT_PROTOTYPES = YES;
				CLANG_WARN_SUSPICIOUS_MOVE = YES;
				CLANG_WARN_UNGUARDED_AVAILABILITY = YES_AGGRESSIVE;
				CLANG_WARN_UNREACHABLE_CODE = YES;
				CLANG_WARN__DUPLICATE_METHOD_MATCH = YES;
				CODE_SIGN_IDENTITY = "iPhone Developer";
				COPY_PHASE_STRIP = NO;
				DEBUG_INFORMATION_FORMAT = "dwarf-with-dsym";
				ENABLE_NS_ASSERTIONS = NO;
				ENABLE_STRICT_OBJC_MSGSEND = YES;
				GCC_C_LANGUAGE_STANDARD = gnu11;
				GCC_NO_COMMON_BLOCKS = YES;
				GCC_WARN_64_TO_32_BIT_CONVERSION = YES;
				GCC_WARN_ABOUT_RETURN_TYPE = YES_ERROR;
				GCC_WARN_UNDECLARED_SELECTOR = YES;
				GCC_WARN_UNINITIALIZED_AUTOS = YES_AGGRESSIVE;
				GCC_WARN_UNUSED_FUNCTION = YES;
				GCC_WARN_UNUSED_VARIABLE = YES;
				IPHONEOS_DEPLOYMENT_TARGET = 12.1;
				MTL_ENABLE_DEBUG_INFO = NO;
				MTL_FAST_MATH = YES;
				SDKROOT = iphoneos;
				SWIFT_COMPILATION_MODE = wholemodule;
				SWIFT_OPTIMIZATION_LEVEL = "-O";
				VALIDATE_PRODUCT = YES;
			};
			name = Release;
		};
		C378A2CA23209B1600869D92 /* Debug */ = {
			isa = XCBuildConfiguration;
			buildSettings = {
				ASSETCATALOG_COMPILER_APPICON_NAME = AppIcon;
				CODE_SIGN_STYLE = Automatic;
				INFOPLIST_FILE = tipCalc/Info.plist;
				LD_RUNPATH_SEARCH_PATHS = (
					"$(inherited)",
					"@executable_path/Frameworks",
				);
				PRODUCT_BUNDLE_IDENTIFIER = none.tipCalc;
				PRODUCT_NAME = "$(TARGET_NAME)";
				SWIFT_VERSION = 4.2;
				TARGETED_DEVICE_FAMILY = "1,2";
			};
			name = Debug;
		};
		C378A2CB23209B1600869D92 /* Release */ = {
			isa = XCBuildConfiguration;
			buildSettings = {
				ASSETCATALOG_COMPILER_APPICON_NAME = AppIcon;
				CODE_SIGN_STYLE = Automatic;
				INFOPLIST_FILE = tipCalc/Info.plist;
				LD_RUNPATH_SEARCH_PATHS = (
					"$(inherited)",
					"@executable_path/Frameworks",
				);
				PRODUCT_BUNDLE_IDENTIFIER = none.tipCalc;
				PRODUCT_NAME = "$(TARGET_NAME)";
				SWIFT_VERSION = 4.2;
				TARGETED_DEVICE_FAMILY = "1,2";
			};
			name = Release;
		};
		C378A2CD23209B1600869D92 /* Debug */ = {
			isa = XCBuildConfiguration;
			buildSettings = {
				ALWAYS_EMBED_SWIFT_STANDARD_LIBRARIES = YES;
				BUNDLE_LOADER = "$(TEST_HOST)";
				CODE_SIGN_STYLE = Automatic;
				INFOPLIST_FILE = tipCalcTests/Info.plist;
				LD_RUNPATH_SEARCH_PATHS = (
					"$(inherited)",
					"@executable_path/Frameworks",
					"@loader_path/Frameworks",
				);
				PRODUCT_BUNDLE_IDENTIFIER = none.tipCalcTests;
				PRODUCT_NAME = "$(TARGET_NAME)";
				SWIFT_VERSION = 4.2;
				TARGETED_DEVICE_FAMILY = "1,2";
				TEST_HOST = "$(BUILT_PRODUCTS_DIR)/tipCalc.app/tipCalc";
			};
			name = Debug;
		};
		C378A2CE23209B1600869D92 /* Release */ = {
			isa = XCBuildConfiguration;
			buildSettings = {
				ALWAYS_EMBED_SWIFT_STANDARD_LIBRARIES = YES;
				BUNDLE_LOADER = "$(TEST_HOST)";
				CODE_SIGN_STYLE = Automatic;
				INFOPLIST_FILE = tipCalcTests/Info.plist;
				LD_RUNPATH_SEARCH_PATHS = (
					"$(inherited)",
					"@executable_path/Frameworks",
					"@loader_path/Frameworks",
				);
				PRODUCT_BUNDLE_IDENTIFIER = none.tipCalcTests;
				PRODUCT_NAME = "$(TARGET_NAME)";
				SWIFT_VERSION = 4.2;
				TARGETED_DEVICE_FAMILY = "1,2";
				TEST_HOST = "$(BUILT_PRODUCTS_DIR)/tipCalc.app/tipCalc";
			};
			name = Release;
		};
		C378A2D023209B1600869D92 /* Debug */ = {
			isa = XCBuildConfiguration;
			buildSettings = {
				ALWAYS_EMBED_SWIFT_STANDARD_LIBRARIES = YES;
				CODE_SIGN_STYLE = Automatic;
				INFOPLIST_FILE = tipCalcUITests/Info.plist;
				LD_RUNPATH_SEARCH_PATHS = (
					"$(inherited)",
					"@executable_path/Frameworks",
					"@loader_path/Frameworks",
				);
				PRODUCT_BUNDLE_IDENTIFIER = none.tipCalcUITests;
				PRODUCT_NAME = "$(TARGET_NAME)";
				SWIFT_VERSION = 4.2;
				TARGETED_DEVICE_FAMILY = "1,2";
				TEST_TARGET_NAME = tipCalc;
			};
			name = Debug;
		};
		C378A2D123209B1600869D92 /* Release */ = {
			isa = XCBuildConfiguration;
			buildSettings = {
				ALWAYS_EMBED_SWIFT_STANDARD_LIBRARIES = YES;
				CODE_SIGN_STYLE = Automatic;
				INFOPLIST_FILE = tipCalcUITests/Info.plist;
				LD_RUNPATH_SEARCH_PATHS = (
					"$(inherited)",
					"@executable_path/Frameworks",
					"@loader_path/Frameworks",
				);
				PRODUCT_BUNDLE_IDENTIFIER = none.tipCalcUITests;
				PRODUCT_NAME = "$(TARGET_NAME)";
				SWIFT_VERSION = 4.2;
				TARGETED_DEVICE_FAMILY = "1,2";
				TEST_TARGET_NAME = tipCalc;
			};
			name = Release;
		};
/* End XCBuildConfiguration section */

/* Begin XCConfigurationList section */
		C378A29C23209B1600869D92 /* Build configuration list for PBXProject "tipCalc" */ = {
			isa = XCConfigurationList;
			buildConfigurations = (
				C378A2C723209B1600869D92 /* Debug */,
				C378A2C823209B1600869D92 /* Release */,
			);
			defaultConfigurationIsVisible = 0;
			defaultConfigurationName = Release;
		};
		C378A2C923209B1600869D92 /* Build configuration list for PBXNativeTarget "tipCalc" */ = {
			isa = XCConfigurationList;
			buildConfigurations = (
				C378A2CA23209B1600869D92 /* Debug */,
				C378A2CB23209B1600869D92 /* Release */,
			);
			defaultConfigurationIsVisible = 0;
			defaultConfigurationName = Release;
		};
		C378A2CC23209B1600869D92 /* Build configuration list for PBXNativeTarget "tipCalcTests" */ = {
			isa = XCConfigurationList;
			buildConfigurations = (
				C378A2CD23209B1600869D92 /* Debug */,
				C378A2CE23209B1600869D92 /* Release */,
			);
			defaultConfigurationIsVisible = 0;
			defaultConfigurationName = Release;
		};
		C378A2CF23209B1600869D92 /* Build configuration list for PBXNativeTarget "tipCalcUITests" */ = {
			isa = XCConfigurationList;
			buildConfigurations = (
				C378A2D023209B1600869D92 /* Debug */,
				C378A2D123209B1600869D92 /* Release */,
			);
			defaultConfigurationIsVisible = 0;
			defaultConfigurationName = Release;
		};
/* End XCConfigurationList section */
	};
	rootObject = C378A29923209B1600869D92 /* Project object */;
}
